// !$*UTF8*$!
{
	archiveVersion = 1;
	classes = {
	};
	objectVersion = 56;
	objects = {

/* Begin PBXBuildFile section */
		52CFD3AA2B44BEAA005B757E /* AppDelegate.swift in Sources */ = {isa = PBXBuildFile; fileRef = 52CFD3A92B44BEAA005B757E /* AppDelegate.swift */; };
		52CFD3AC2B44BEAA005B757E /* ContentView.swift in Sources */ = {isa = PBXBuildFile; fileRef = 52CFD3AB2B44BEAA005B757E /* ContentView.swift */; };
		52CFD3AE2B44BEAC005B757E /* Assets.xcassets in Resources */ = {isa = PBXBuildFile; fileRef = 52CFD3AD2B44BEAC005B757E /* Assets.xcassets */; };
		52CFD3B12B44BEAC005B757E /* Preview Assets.xcassets in Resources */ = {isa = PBXBuildFile; fileRef = 52CFD3B02B44BEAC005B757E /* Preview Assets.xcassets */; };
		52CFD3BB2B44BEAD005B757E /* bodytrackingTests.swift in Sources */ = {isa = PBXBuildFile; fileRef = 52CFD3BA2B44BEAD005B757E /* bodytrackingTests.swift */; };
		52CFD3C52B44BEAD005B757E /* bodytrackingUITests.swift in Sources */ = {isa = PBXBuildFile; fileRef = 52CFD3C42B44BEAD005B757E /* bodytrackingUITests.swift */; };
		52CFD3C72B44BEAD005B757E /* bodytrackingUITestsLaunchTests.swift in Sources */ = {isa = PBXBuildFile; fileRef = 52CFD3C62B44BEAD005B757E /* bodytrackingUITestsLaunchTests.swift */; };
/* End PBXBuildFile section */

/* Begin PBXContainerItemProxy section */
		52CFD3B72B44BEAD005B757E /* PBXContainerItemProxy */ = {
			isa = PBXContainerItemProxy;
			containerPortal = 52CFD39E2B44BEAA005B757E /* Project object */;
			proxyType = 1;
			remoteGlobalIDString = 52CFD3A52B44BEAA005B757E;
			remoteInfo = bodytracking;
		};
		52CFD3C12B44BEAD005B757E /* PBXContainerItemProxy */ = {
			isa = PBXContainerItemProxy;
			containerPortal = 52CFD39E2B44BEAA005B757E /* Project object */;
			proxyType = 1;
			remoteGlobalIDString = 52CFD3A52B44BEAA005B757E;
			remoteInfo = bodytracking;
		};
/* End PBXContainerItemProxy section */

/* Begin PBXFileReference section */
		52CFD3A62B44BEAA005B757E /* bodytracking.app */ = {isa = PBXFileReference; explicitFileType = wrapper.application; includeInIndex = 0; path = bodytracking.app; sourceTree = BUILT_PRODUCTS_DIR; };
		52CFD3A92B44BEAA005B757E /* AppDelegate.swift */ = {isa = PBXFileReference; lastKnownFileType = sourcecode.swift; path = AppDelegate.swift; sourceTree = "<group>"; };
		52CFD3AB2B44BEAA005B757E /* ContentView.swift */ = {isa = PBXFileReference; lastKnownFileType = sourcecode.swift; path = ContentView.swift; sourceTree = "<group>"; };
		52CFD3AD2B44BEAC005B757E /* Assets.xcassets */ = {isa = PBXFileReference; lastKnownFileType = folder.assetcatalog; path = Assets.xcassets; sourceTree = "<group>"; };
		52CFD3B02B44BEAC005B757E /* Preview Assets.xcassets */ = {isa = PBXFileReference; lastKnownFileType = folder.assetcatalog; path = "Preview Assets.xcassets"; sourceTree = "<group>"; };
		52CFD3B62B44BEAD005B757E /* bodytrackingTests.xctest */ = {isa = PBXFileReference; explicitFileType = wrapper.cfbundle; includeInIndex = 0; path = bodytrackingTests.xctest; sourceTree = BUILT_PRODUCTS_DIR; };
		52CFD3BA2B44BEAD005B757E /* bodytrackingTests.swift */ = {isa = PBXFileReference; lastKnownFileType = sourcecode.swift; path = bodytrackingTests.swift; sourceTree = "<group>"; };
		52CFD3C02B44BEAD005B757E /* bodytrackingUITests.xctest */ = {isa = PBXFileReference; explicitFileType = wrapper.cfbundle; includeInIndex = 0; path = bodytrackingUITests.xctest; sourceTree = BUILT_PRODUCTS_DIR; };
		52CFD3C42B44BEAD005B757E /* bodytrackingUITests.swift */ = {isa = PBXFileReference; lastKnownFileType = sourcecode.swift; path = bodytrackingUITests.swift; sourceTree = "<group>"; };
		52CFD3C62B44BEAD005B757E /* bodytrackingUITestsLaunchTests.swift */ = {isa = PBXFileReference; lastKnownFileType = sourcecode.swift; path = bodytrackingUITestsLaunchTests.swift; sourceTree = "<group>"; };
/* End PBXFileReference section */

/* Begin PBXFrameworksBuildPhase section */
		52CFD3A32B44BEAA005B757E /* Frameworks */ = {
			isa = PBXFrameworksBuildPhase;
			buildActionMask = 2147483647;
			files = (
			);
			runOnlyForDeploymentPostprocessing = 0;
		};
		52CFD3B32B44BEAD005B757E /* Frameworks */ = {
			isa = PBXFrameworksBuildPhase;
			buildActionMask = 2147483647;
			files = (
			);
			runOnlyForDeploymentPostprocessing = 0;
		};
		52CFD3BD2B44BEAD005B757E /* Frameworks */ = {
			isa = PBXFrameworksBuildPhase;
			buildActionMask = 2147483647;
			files = (
			);
			runOnlyForDeploymentPostprocessing = 0;
		};
/* End PBXFrameworksBuildPhase section */

/* Begin PBXGroup section */
		52CFD39D2B44BEAA005B757E = {
			isa = PBXGroup;
			children = (
				52CFD3A82B44BEAA005B757E /* bodytracking */,
				52CFD3B92B44BEAD005B757E /* bodytrackingTests */,
				52CFD3C32B44BEAD005B757E /* bodytrackingUITests */,
				52CFD3A72B44BEAA005B757E /* Products */,
			);
			sourceTree = "<group>";
		};
		52CFD3A72B44BEAA005B757E /* Products */ = {
			isa = PBXGroup;
			children = (
				52CFD3A62B44BEAA005B757E /* bodytracking.app */,
				52CFD3B62B44BEAD005B757E /* bodytrackingTests.xctest */,
				52CFD3C02B44BEAD005B757E /* bodytrackingUITests.xctest */,
			);
			name = Products;
			sourceTree = "<group>";
		};
		52CFD3A82B44BEAA005B757E /* bodytracking */ = {
			isa = PBXGroup;
			children = (
				52CFD3A92B44BEAA005B757E /* AppDelegate.swift */,
				52CFD3AB2B44BEAA005B757E /* ContentView.swift */,
				52CFD3AD2B44BEAC005B757E /* Assets.xcassets */,
				52CFD3AF2B44BEAC005B757E /* Preview Content */,
			);
			path = bodytracking;
			sourceTree = "<group>";
		};
		52CFD3AF2B44BEAC005B757E /* Preview Content */ = {
			isa = PBXGroup;
			children = (
				52CFD3B02B44BEAC005B757E /* Preview Assets.xcassets */,
			);
			path = "Preview Content";
			sourceTree = "<group>";
		};
		52CFD3B92B44BEAD005B757E /* bodytrackingTests */ = {
			isa = PBXGroup;
			children = (
				52CFD3BA2B44BEAD005B757E /* bodytrackingTests.swift */,
			);
			path = bodytrackingTests;
			sourceTree = "<group>";
		};
		52CFD3C32B44BEAD005B757E /* bodytrackingUITests */ = {
			isa = PBXGroup;
			children = (
				52CFD3C42B44BEAD005B757E /* bodytrackingUITests.swift */,
				52CFD3C62B44BEAD005B757E /* bodytrackingUITestsLaunchTests.swift */,
			);
			path = bodytrackingUITests;
			sourceTree = "<group>";
		};
/* End PBXGroup section */

/* Begin PBXNativeTarget section */
		52CFD3A52B44BEAA005B757E /* bodytracking */ = {
			isa = PBXNativeTarget;
			buildConfigurationList = 52CFD3CA2B44BEAD005B757E /* Build configuration list for PBXNativeTarget "bodytracking" */;
			buildPhases = (
				52CFD3A22B44BEAA005B757E /* Sources */,
				52CFD3A32B44BEAA005B757E /* Frameworks */,
				52CFD3A42B44BEAA005B757E /* Resources */,
			);
			buildRules = (
			);
			dependencies = (
			);
			name = bodytracking;
			productName = bodytracking;
			productReference = 52CFD3A62B44BEAA005B757E /* bodytracking.app */;
			productType = "com.apple.product-type.application";
		};
		52CFD3B52B44BEAD005B757E /* bodytrackingTests */ = {
			isa = PBXNativeTarget;
			buildConfigurationList = 52CFD3CD2B44BEAD005B757E /* Build configuration list for PBXNativeTarget "bodytrackingTests" */;
			buildPhases = (
				52CFD3B22B44BEAD005B757E /* Sources */,
				52CFD3B32B44BEAD005B757E /* Frameworks */,
				52CFD3B42B44BEAD005B757E /* Resources */,
			);
			buildRules = (
			);
			dependencies = (
				52CFD3B82B44BEAD005B757E /* PBXTargetDependency */,
			);
			name = bodytrackingTests;
			productName = bodytrackingTests;
			productReference = 52CFD3B62B44BEAD005B757E /* bodytrackingTests.xctest */;
			productType = "com.apple.product-type.bundle.unit-test";
		};
		52CFD3BF2B44BEAD005B757E /* bodytrackingUITests */ = {
			isa = PBXNativeTarget;
			buildConfigurationList = 52CFD3D02B44BEAD005B757E /* Build configuration list for PBXNativeTarget "bodytrackingUITests" */;
			buildPhases = (
				52CFD3BC2B44BEAD005B757E /* Sources */,
				52CFD3BD2B44BEAD005B757E /* Frameworks */,
				52CFD3BE2B44BEAD005B757E /* Resources */,
			);
			buildRules = (
			);
			dependencies = (
				52CFD3C22B44BEAD005B757E /* PBXTargetDependency */,
			);
			name = bodytrackingUITests;
			productName = bodytrackingUITests;
			productReference = 52CFD3C02B44BEAD005B757E /* bodytrackingUITests.xctest */;
			productType = "com.apple.product-type.bundle.ui-testing";
		};
/* End PBXNativeTarget section */

/* Begin PBXProject section */
		52CFD39E2B44BEAA005B757E /* Project object */ = {
			isa = PBXProject;
			attributes = {
				BuildIndependentTargetsInParallel = 1;
				LastSwiftUpdateCheck = 1500;
				LastUpgradeCheck = 1500;
				TargetAttributes = {
					52CFD3A52B44BEAA005B757E = {
						CreatedOnToolsVersion = 15.0.1;
					};
					52CFD3B52B44BEAD005B757E = {
						CreatedOnToolsVersion = 15.0.1;
						TestTargetID = 52CFD3A52B44BEAA005B757E;
					};
					52CFD3BF2B44BEAD005B757E = {
						CreatedOnToolsVersion = 15.0.1;
						TestTargetID = 52CFD3A52B44BEAA005B757E;
					};
				};
			};
			buildConfigurationList = 52CFD3A12B44BEAA005B757E /* Build configuration list for PBXProject "bodytracking" */;
			compatibilityVersion = "Xcode 14.0";
			developmentRegion = en;
			hasScannedForEncodings = 0;
			knownRegions = (
				en,
				Base,
			);
			mainGroup = 52CFD39D2B44BEAA005B757E;
			productRefGroup = 52CFD3A72B44BEAA005B757E /* Products */;
			projectDirPath = "";
			projectRoot = "";
			targets = (
				52CFD3A52B44BEAA005B757E /* bodytracking */,
				52CFD3B52B44BEAD005B757E /* bodytrackingTests */,
				52CFD3BF2B44BEAD005B757E /* bodytrackingUITests */,
			);
		};
/* End PBXProject section */

/* Begin PBXResourcesBuildPhase section */
		52CFD3A42B44BEAA005B757E /* Resources */ = {
			isa = PBXResourcesBuildPhase;
			buildActionMask = 2147483647;
			files = (
				52CFD3B12B44BEAC005B757E /* Preview Assets.xcassets in Resources */,
				52CFD3AE2B44BEAC005B757E /* Assets.xcassets in Resources */,
			);
			runOnlyForDeploymentPostprocessing = 0;
		};
		52CFD3B42B44BEAD005B757E /* Resources */ = {
			isa = PBXResourcesBuildPhase;
			buildActionMask = 2147483647;
			files = (
			);
			runOnlyForDeploymentPostprocessing = 0;
		};
		52CFD3BE2B44BEAD005B757E /* Resources */ = {
			isa = PBXResourcesBuildPhase;
			buildActionMask = 2147483647;
			files = (
			);
			runOnlyForDeploymentPostprocessing = 0;
		};
/* End PBXResourcesBuildPhase section */

/* Begin PBXSourcesBuildPhase section */
		52CFD3A22B44BEAA005B757E /* Sources */ = {
			isa = PBXSourcesBuildPhase;
			buildActionMask = 2147483647;
			files = (
				52CFD3AC2B44BEAA005B757E /* ContentView.swift in Sources */,
				52CFD3AA2B44BEAA005B757E /* AppDelegate.swift in Sources */,
			);
			runOnlyForDeploymentPostprocessing = 0;
		};
		52CFD3B22B44BEAD005B757E /* Sources */ = {
			isa = PBXSourcesBuildPhase;
			buildActionMask = 2147483647;
			files = (
				52CFD3BB2B44BEAD005B757E /* bodytrackingTests.swift in Sources */,
			);
			runOnlyForDeploymentPostprocessing = 0;
		};
		52CFD3BC2B44BEAD005B757E /* Sources */ = {
			isa = PBXSourcesBuildPhase;
			buildActionMask = 2147483647;
			files = (
				52CFD3C52B44BEAD005B757E /* bodytrackingUITests.swift in Sources */,
				52CFD3C72B44BEAD005B757E /* bodytrackingUITestsLaunchTests.swift in Sources */,
			);
			runOnlyForDeploymentPostprocessing = 0;
		};
/* End PBXSourcesBuildPhase section */

/* Begin PBXTargetDependency section */
		52CFD3B82B44BEAD005B757E /* PBXTargetDependency */ = {
			isa = PBXTargetDependency;
			target = 52CFD3A52B44BEAA005B757E /* bodytracking */;
			targetProxy = 52CFD3B72B44BEAD005B757E /* PBXContainerItemProxy */;
		};
		52CFD3C22B44BEAD005B757E /* PBXTargetDependency */ = {
			isa = PBXTargetDependency;
			target = 52CFD3A52B44BEAA005B757E /* bodytracking */;
			targetProxy = 52CFD3C12B44BEAD005B757E /* PBXContainerItemProxy */;
		};
/* End PBXTargetDependency section */

/* Begin XCBuildConfiguration section */
		52CFD3C82B44BEAD005B757E /* Debug */ = {
			isa = XCBuildConfiguration;
			buildSettings = {
				ALWAYS_SEARCH_USER_PATHS = NO;
				ASSETCATALOG_COMPILER_GENERATE_SWIFT_ASSET_SYMBOL_EXTENSIONS = YES;
				CLANG_ANALYZER_NONNULL = YES;
				CLANG_ANALYZER_NUMBER_OBJECT_CONVERSION = YES_AGGRESSIVE;
				CLANG_CXX_LANGUAGE_STANDARD = "gnu++20";
				CLANG_ENABLE_MODULES = YES;
				CLANG_ENABLE_OBJC_ARC = YES;
				CLANG_ENABLE_OBJC_WEAK = YES;
				CLANG_WARN_BLOCK_CAPTURE_AUTORELEASING = YES;
				CLANG_WARN_BOOL_CONVERSION = YES;
				CLANG_WARN_COMMA = YES;
				CLANG_WARN_CONSTANT_CONVERSION = YES;
				CLANG_WARN_DEPRECATED_OBJC_IMPLEMENTATIONS = YES;
				CLANG_WARN_DIRECT_OBJC_ISA_USAGE = YES_ERROR;
				CLANG_WARN_DOCUMENTATION_COMMENTS = YES;
				CLANG_WARN_EMPTY_BODY = YES;
				CLANG_WARN_ENUM_CONVERSION = YES;
				CLANG_WARN_INFINITE_RECURSION = YES;
				CLANG_WARN_INT_CONVERSION = YES;
				CLANG_WARN_NON_LITERAL_NULL_CONVERSION = YES;
				CLANG_WARN_OBJC_IMPLICIT_RETAIN_SELF = YES;
				CLANG_WARN_OBJC_LITERAL_CONVERSION = YES;
				CLANG_WARN_OBJC_ROOT_CLASS = YES_ERROR;
				CLANG_WARN_QUOTED_INCLUDE_IN_FRAMEWORK_HEADER = YES;
				CLANG_WARN_RANGE_LOOP_ANALYSIS = YES;
				CLANG_WARN_STRICT_PROTOTYPES = YES;
				CLANG_WARN_SUSPICIOUS_MOVE = YES;
				CLANG_WARN_UNGUARDED_AVAILABILITY = YES_AGGRESSIVE;
				CLANG_WARN_UNREACHABLE_CODE = YES;
				CLANG_WARN__DUPLICATE_METHOD_MATCH = YES;
				COPY_PHASE_STRIP = NO;
				DEBUG_INFORMATION_FORMAT = dwarf;
				ENABLE_STRICT_OBJC_MSGSEND = YES;
				ENABLE_TESTABILITY = YES;
				ENABLE_USER_SCRIPT_SANDBOXING = YES;
				GCC_C_LANGUAGE_STANDARD = gnu17;
				GCC_DYNAMIC_NO_PIC = NO;
				GCC_NO_COMMON_BLOCKS = YES;
				GCC_OPTIMIZATION_LEVEL = 0;
				GCC_PREPROCESSOR_DEFINITIONS = (
					"DEBUG=1",
					"$(inherited)",
				);
				GCC_WARN_64_TO_32_BIT_CONVERSION = YES;
				GCC_WARN_ABOUT_RETURN_TYPE = YES_ERROR;
				GCC_WARN_UNDECLARED_SELECTOR = YES;
				GCC_WARN_UNINITIALIZED_AUTOS = YES_AGGRESSIVE;
				GCC_WARN_UNUSED_FUNCTION = YES;
				GCC_WARN_UNUSED_VARIABLE = YES;
				IPHONEOS_DEPLOYMENT_TARGET = 17.0;
				LOCALIZATION_PREFERS_STRING_CATALOGS = YES;
				MTL_ENABLE_DEBUG_INFO = INCLUDE_SOURCE;
				MTL_FAST_MATH = YES;
				ONLY_ACTIVE_ARCH = YES;
				SDKROOT = iphoneos;
				SWIFT_ACTIVE_COMPILATION_CONDITIONS = "DEBUG $(inherited)";
				SWIFT_OPTIMIZATION_LEVEL = "-Onone";
			};
			name = Debug;
		};
		52CFD3C92B44BEAD005B757E /* Release */ = {
			isa = XCBuildConfiguration;
			buildSettings = {
				ALWAYS_SEARCH_USER_PATHS = NO;
				ASSETCATALOG_COMPILER_GENERATE_SWIFT_ASSET_SYMBOL_EXTENSIONS = YES;
				CLANG_ANALYZER_NONNULL = YES;
				CLANG_ANALYZER_NUMBER_OBJECT_CONVERSION = YES_AGGRESSIVE;
				CLANG_CXX_LANGUAGE_STANDARD = "gnu++20";
				CLANG_ENABLE_MODULES = YES;
				CLANG_ENABLE_OBJC_ARC = YES;
				CLANG_ENABLE_OBJC_WEAK = YES;
				CLANG_WARN_BLOCK_CAPTURE_AUTORELEASING = YES;
				CLANG_WARN_BOOL_CONVERSION = YES;
				CLANG_WARN_COMMA = YES;
				CLANG_WARN_CONSTANT_CONVERSION = YES;
				CLANG_WARN_DEPRECATED_OBJC_IMPLEMENTATIONS = YES;
				CLANG_WARN_DIRECT_OBJC_ISA_USAGE = YES_ERROR;
				CLANG_WARN_DOCUMENTATION_COMMENTS = YES;
				CLANG_WARN_EMPTY_BODY = YES;
				CLANG_WARN_ENUM_CONVERSION = YES;
				CLANG_WARN_INFINITE_RECURSION = YES;
				CLANG_WARN_INT_CONVERSION = YES;
				CLANG_WARN_NON_LITERAL_NULL_CONVERSION = YES;
				CLANG_WARN_OBJC_IMPLICIT_RETAIN_SELF = YES;
				CLANG_WARN_OBJC_LITERAL_CONVERSION = YES;
				CLANG_WARN_OBJC_ROOT_CLASS = YES_ERROR;
				CLANG_WARN_QUOTED_INCLUDE_IN_FRAMEWORK_HEADER = YES;
				CLANG_WARN_RANGE_LOOP_ANALYSIS = YES;
				CLANG_WARN_STRICT_PROTOTYPES = YES;
				CLANG_WARN_SUSPICIOUS_MOVE = YES;
				CLANG_WARN_UNGUARDED_AVAILABILITY = YES_AGGRESSIVE;
				CLANG_WARN_UNREACHABLE_CODE = YES;
				CLANG_WARN__DUPLICATE_METHOD_MATCH = YES;
				COPY_PHASE_STRIP = NO;
				DEBUG_INFORMATION_FORMAT = "dwarf-with-dsym";
				ENABLE_NS_ASSERTIONS = NO;
				ENABLE_STRICT_OBJC_MSGSEND = YES;
				ENABLE_USER_SCRIPT_SANDBOXING = YES;
				GCC_C_LANGUAGE_STANDARD = gnu17;
				GCC_NO_COMMON_BLOCKS = YES;
				GCC_WARN_64_TO_32_BIT_CONVERSION = YES;
				GCC_WARN_ABOUT_RETURN_TYPE = YES_ERROR;
				GCC_WARN_UNDECLARED_SELECTOR = YES;
				GCC_WARN_UNINITIALIZED_AUTOS = YES_AGGRESSIVE;
				GCC_WARN_UNUSED_FUNCTION = YES;
				GCC_WARN_UNUSED_VARIABLE = YES;
				IPHONEOS_DEPLOYMENT_TARGET = 17.0;
				LOCALIZATION_PREFERS_STRING_CATALOGS = YES;
				MTL_ENABLE_DEBUG_INFO = NO;
				MTL_FAST_MATH = YES;
				SDKROOT = iphoneos;
				SWIFT_COMPILATION_MODE = wholemodule;
				VALIDATE_PRODUCT = YES;
			};
			name = Release;
		};
		52CFD3CB2B44BEAD005B757E /* Debug */ = {
			isa = XCBuildConfiguration;
			buildSettings = {
				ASSETCATALOG_COMPILER_APPICON_NAME = AppIcon;
				ASSETCATALOG_COMPILER_GLOBAL_ACCENT_COLOR_NAME = AccentColor;
				CODE_SIGN_STYLE = Automatic;
				CURRENT_PROJECT_VERSION = 1;
				DEVELOPMENT_ASSET_PATHS = "\"bodytracking/Preview Content\"";
				DEVELOPMENT_TEAM = 84X5CXP4S5;
				ENABLE_PREVIEWS = YES;
				GENERATE_INFOPLIST_FILE = YES;
				INFOPLIST_KEY_NSCameraUsageDescription = "";
				INFOPLIST_KEY_UIApplicationSupportsIndirectInputEvents = YES;
				INFOPLIST_KEY_UILaunchScreen_Generation = YES;
				INFOPLIST_KEY_UIRequiredDeviceCapabilities = arkit;
				INFOPLIST_KEY_UIStatusBarHidden = YES;
				INFOPLIST_KEY_UISupportedInterfaceOrientations_iPad = "UIInterfaceOrientationPortrait UIInterfaceOrientationPortraitUpsideDown UIInterfaceOrientationLandscapeLeft UIInterfaceOrientationLandscapeRight";
				INFOPLIST_KEY_UISupportedInterfaceOrientations_iPhone = "UIInterfaceOrientationPortrait UIInterfaceOrientationLandscapeLeft UIInterfaceOrientationLandscapeRight";
				LD_RUNPATH_SEARCH_PATHS = (
					"$(inherited)",
					"@executable_path/Frameworks",
				);
				MARKETING_VERSION = 1.0;
				PRODUCT_BUNDLE_IDENTIFIER = boxitoff.bodytracking;
				PRODUCT_NAME = "$(TARGET_NAME)";
				SWIFT_EMIT_LOC_STRINGS = YES;
				SWIFT_VERSION = 5.0;
				TARGETED_DEVICE_FAMILY = "1,2";
			};
			name = Debug;
		};
		52CFD3CC2B44BEAD005B757E /* Release */ = {
			isa = XCBuildConfiguration;
			buildSettings = {
				ASSETCATALOG_COMPILER_APPICON_NAME = AppIcon;
				ASSETCATALOG_COMPILER_GLOBAL_ACCENT_COLOR_NAME = AccentColor;
				CODE_SIGN_STYLE = Automatic;
				CURRENT_PROJECT_VERSION = 1;
				DEVELOPMENT_ASSET_PATHS = "\"bodytracking/Preview Content\"";
				DEVELOPMENT_TEAM = 84X5CXP4S5;
				ENABLE_PREVIEWS = YES;
				GENERATE_INFOPLIST_FILE = YES;
				INFOPLIST_KEY_NSCameraUsageDescription = "";
				INFOPLIST_KEY_UIApplicationSupportsIndirectInputEvents = YES;
				INFOPLIST_KEY_UILaunchScreen_Generation = YES;
				INFOPLIST_KEY_UIRequiredDeviceCapabilities = arkit;
				INFOPLIST_KEY_UIStatusBarHidden = YES;
				INFOPLIST_KEY_UISupportedInterfaceOrientations_iPad = "UIInterfaceOrientationPortrait UIInterfaceOrientationPortraitUpsideDown UIInterfaceOrientationLandscapeLeft UIInterfaceOrientationLandscapeRight";
				INFOPLIST_KEY_UISupportedInterfaceOrientations_iPhone = "UIInterfaceOrientationPortrait UIInterfaceOrientationLandscapeLeft UIInterfaceOrientationLandscapeRight";
				LD_RUNPATH_SEARCH_PATHS = (
					"$(inherited)",
					"@executable_path/Frameworks",
				);
				MARKETING_VERSION = 1.0;
				PRODUCT_BUNDLE_IDENTIFIER = boxitoff.bodytracking;
				PRODUCT_NAME = "$(TARGET_NAME)";
				SWIFT_EMIT_LOC_STRINGS = YES;
				SWIFT_VERSION = 5.0;
				TARGETED_DEVICE_FAMILY = "1,2";
			};
			name = Release;
		};
		52CFD3CE2B44BEAD005B757E /* Debug */ = {
			isa = XCBuildConfiguration;
			buildSettings = {
				ALWAYS_EMBED_SWIFT_STANDARD_LIBRARIES = YES;
				BUNDLE_LOADER = "$(TEST_HOST)";
				CODE_SIGN_STYLE = Automatic;
				CURRENT_PROJECT_VERSION = 1;
				DEVELOPMENT_TEAM = 84X5CXP4S5;
				GENERATE_INFOPLIST_FILE = YES;
				IPHONEOS_DEPLOYMENT_TARGET = 17.0;
				MARKETING_VERSION = 1.0;
				PRODUCT_BUNDLE_IDENTIFIER = boxitoff.bodytrackingTests;
				PRODUCT_NAME = "$(TARGET_NAME)";
				SWIFT_EMIT_LOC_STRINGS = NO;
				SWIFT_VERSION = 5.0;
				TARGETED_DEVICE_FAMILY = "1,2";
				TEST_HOST = "$(BUILT_PRODUCTS_DIR)/bodytracking.app/$(BUNDLE_EXECUTABLE_FOLDER_PATH)/bodytracking";
			};
			name = Debug;
		};
		52CFD3CF2B44BEAD005B757E /* Release */ = {
			isa = XCBuildConfiguration;
			buildSettings = {
				ALWAYS_EMBED_SWIFT_STANDARD_LIBRARIES = YES;
				BUNDLE_LOADER = "$(TEST_HOST)";
				CODE_SIGN_STYLE = Automatic;
				CURRENT_PROJECT_VERSION = 1;
				DEVELOPMENT_TEAM = 84X5CXP4S5;
				GENERATE_INFOPLIST_FILE = YES;
				IPHONEOS_DEPLOYMENT_TARGET = 17.0;
				MARKETING_VERSION = 1.0;
				PRODUCT_BUNDLE_IDENTIFIER = boxitoff.bodytrackingTests;
				PRODUCT_NAME = "$(TARGET_NAME)";
				SWIFT_EMIT_LOC_STRINGS = NO;
				SWIFT_VERSION = 5.0;
				TARGETED_DEVICE_FAMILY = "1,2";
				TEST_HOST = "$(BUILT_PRODUCTS_DIR)/bodytracking.app/$(BUNDLE_EXECUTABLE_FOLDER_PATH)/bodytracking";
			};
			name = Release;
		};
		52CFD3D12B44BEAD005B757E /* Debug */ = {
			isa = XCBuildConfiguration;
			buildSettings = {
				ALWAYS_EMBED_SWIFT_STANDARD_LIBRARIES = YES;
				CODE_SIGN_STYLE = Automatic;
				CURRENT_PROJECT_VERSION = 1;
				DEVELOPMENT_TEAM = 84X5CXP4S5;
				GENERATE_INFOPLIST_FILE = YES;
				MARKETING_VERSION = 1.0;
				PRODUCT_BUNDLE_IDENTIFIER = boxitoff.bodytrackingUITests;
				PRODUCT_NAME = "$(TARGET_NAME)";
				SWIFT_EMIT_LOC_STRINGS = NO;
				SWIFT_VERSION = 5.0;
				TARGETED_DEVICE_FAMILY = "1,2";
				TEST_TARGET_NAME = bodytracking;
			};
			name = Debug;
		};
		52CFD3D22B44BEAD005B757E /* Release */ = {
			isa = XCBuildConfiguration;
			buildSettings = {
				ALWAYS_EMBED_SWIFT_STANDARD_LIBRARIES = YES;
				CODE_SIGN_STYLE = Automatic;
				CURRENT_PROJECT_VERSION = 1;
				DEVELOPMENT_TEAM = 84X5CXP4S5;
				GENERATE_INFOPLIST_FILE = YES;
				MARKETING_VERSION = 1.0;
				PRODUCT_BUNDLE_IDENTIFIER = boxitoff.bodytrackingUITests;
				PRODUCT_NAME = "$(TARGET_NAME)";
				SWIFT_EMIT_LOC_STRINGS = NO;
				SWIFT_VERSION = 5.0;
				TARGETED_DEVICE_FAMILY = "1,2";
				TEST_TARGET_NAME = bodytracking;
			};
			name = Release;
		};
/* End XCBuildConfiguration section */

/* Begin XCConfigurationList section */
		52CFD3A12B44BEAA005B757E /* Build configuration list for PBXProject "bodytracking" */ = {
			isa = XCConfigurationList;
			buildConfigurations = (
				52CFD3C82B44BEAD005B757E /* Debug */,
				52CFD3C92B44BEAD005B757E /* Release */,
			);
			defaultConfigurationIsVisible = 0;
			defaultConfigurationName = Release;
		};
		52CFD3CA2B44BEAD005B757E /* Build configuration list for PBXNativeTarget "bodytracking" */ = {
			isa = XCConfigurationList;
			buildConfigurations = (
				52CFD3CB2B44BEAD005B757E /* Debug */,
				52CFD3CC2B44BEAD005B757E /* Release */,
			);
			defaultConfigurationIsVisible = 0;
			defaultConfigurationName = Release;
		};
		52CFD3CD2B44BEAD005B757E /* Build configuration list for PBXNativeTarget "bodytrackingTests" */ = {
			isa = XCConfigurationList;
			buildConfigurations = (
				52CFD3CE2B44BEAD005B757E /* Debug */,
				52CFD3CF2B44BEAD005B757E /* Release */,
			);
			defaultConfigurationIsVisible = 0;
			defaultConfigurationName = Release;
		};
		52CFD3D02B44BEAD005B757E /* Build configuration list for PBXNativeTarget "bodytrackingUITests" */ = {
			isa = XCConfigurationList;
			buildConfigurations = (
				52CFD3D12B44BEAD005B757E /* Debug */,
				52CFD3D22B44BEAD005B757E /* Release */,
			);
			defaultConfigurationIsVisible = 0;
			defaultConfigurationName = Release;
		};
/* End XCConfigurationList section */
	};
	rootObject = 52CFD39E2B44BEAA005B757E /* Project object */;
}
